
Microsoft Visual Studio Solution File, Format Version 12.00
# Visual Studio Version 17
VisualStudioVersion = 17.14.36511.14
MinimumVisualStudioVersion = 10.0.40219.1
Project("{FAE04EC0-301F-11D3-BF4B-00C04F79EFBC}") = "UML2Console", "UML2Console\UML2Console.csproj", "{D7F6B693-E4DA-4546-9F74-3522F16AD54F}"
EndProject
Project("{FAE04EC0-301F-11D3-BF4B-00C04F79EFBC}") = "PizzaLibrary", "PizzaLibrary2\PizzaLibrary.csproj", "{EA236F66-C328-4EF9-B9F6-B00107D8268F}"
EndProject
Project("{FAE04EC0-301F-11D3-BF4B-00C04F79EFBC}") = "ConsoleMenu", "ConsoleMenu\ConsoleMenu.csproj", "{971EF209-8E58-457F-8C3E-93F18A8E8832}"
EndProject
Global
	GlobalSection(SolutionConfigurationPlatforms) = preSolution
		Debug|Any CPU = Debug|Any CPU
		Release|Any CPU = Release|Any CPU
	EndGlobalSection
	GlobalSection(ProjectConfigurationPlatforms) = postSolution
		{D7F6B693-E4DA-4546-9F74-3522F16AD54F}.Debug|Any CPU.ActiveCfg = Debug|Any CPU
		{D7F6B693-E4DA-4546-9F74-3522F16AD54F}.Debug|Any CPU.Build.0 = Debug|Any CPU
		{D7F6B693-E4DA-4546-9F74-3522F16AD54F}.Release|Any CPU.ActiveCfg = Release|Any CPU
		{D7F6B693-E4DA-4546-9F74-3522F16AD54F}.Release|Any CPU.Build.0 = Release|Any CPU
		{EA236F66-C328-4EF9-B9F6-B00107D8268F}.Debug|Any CPU.ActiveCfg = Debug|Any CPU
		{EA236F66-C328-4EF9-B9F6-B00107D8268F}.Debug|Any CPU.Build.0 = Debug|Any CPU
		{EA236F66-C328-4EF9-B9F6-B00107D8268F}.Release|Any CPU.ActiveCfg = Release|Any CPU
		{EA236F66-C328-4EF9-B9F6-B00107D8268F}.Release|Any CPU.Build.0 = Release|Any CPU
		{971EF209-8E58-457F-8C3E-93F18A8E8832}.Debug|Any CPU.ActiveCfg = Debug|Any CPU
		{971EF209-8E58-457F-8C3E-93F18A8E8832}.Debug|Any CPU.Build.0 = Debug|Any CPU
		{971EF209-8E58-457F-8C3E-93F18A8E8832}.Release|Any CPU.ActiveCfg = Release|Any CPU
		{971EF209-8E58-457F-8C3E-93F18A8E8832}.Release|Any CPU.Build.0 = Release|Any CPU
	EndGlobalSection
	GlobalSection(SolutionProperties) = preSolution
		HideSolutionNode = FALSE
	EndGlobalSection
	GlobalSection(ExtensibilityGlobals) = postSolution
		SolutionGuid = {40AC431D-8BFA-41B7-829A-F9B338791501}
	EndGlobalSection
EndGlobal
